
Microsoft Visual Studio Solution File, Format Version 12.00
# Visual Studio 15
VisualStudioVersion = 15.0.27428.2002
MinimumVisualStudioVersion = 10.0.40219.1
Project("{FAE04EC0-301F-11D3-BF4B-00C04F79EFBC}") = "Exams", "Exams\Exams.csproj", "{88819B35-F98F-48DC-94B4-4CD88359E6C6}"
EndProject
Global
	GlobalSection(SolutionConfigurationPlatforms) = preSolution
		Debug|ARM = Debug|ARM
		Debug|x64 = Debug|x64
		Debug|x86 = Debug|x86
		Release|ARM = Release|ARM
		Release|x64 = Release|x64
		Release|x86 = Release|x86
	EndGlobalSection
	GlobalSection(ProjectConfigurationPlatforms) = postSolution
		{88819B35-F98F-48DC-94B4-4CD88359E6C6}.Debug|ARM.ActiveCfg = Debug|ARM
		{88819B35-F98F-48DC-94B4-4CD88359E6C6}.Debug|ARM.Build.0 = Debug|ARM
		{88819B35-F98F-48DC-94B4-4CD88359E6C6}.Debug|ARM.Deploy.0 = Debug|ARM
		{88819B35-F98F-48DC-94B4-4CD88359E6C6}.Debug|x64.ActiveCfg = Debug|x64
		{88819B35-F98F-48DC-94B4-4CD88359E6C6}.Debug|x64.Build.0 = Debug|x64
		{88819B35-F98F-48DC-94B4-4CD88359E6C6}.Debug|x64.Deploy.0 = Debug|x64
		{88819B35-F98F-48DC-94B4-4CD88359E6C6}.Debug|x86.ActiveCfg = Debug|x86
		{88819B35-F98F-48DC-94B4-4CD88359E6C6}.Debug|x86.Build.0 = Debug|x86
		{88819B35-F98F-48DC-94B4-4CD88359E6C6}.Debug|x86.Deploy.0 = Debug|x86
		{88819B35-F98F-48DC-94B4-4CD88359E6C6}.Release|ARM.ActiveCfg = Release|ARM
		{88819B35-F98F-48DC-94B4-4CD88359E6C6}.Release|ARM.Build.0 = Release|ARM
		{88819B35-F98F-48DC-94B4-4CD88359E6C6}.Release|ARM.Deploy.0 = Release|ARM
		{88819B35-F98F-48DC-94B4-4CD88359E6C6}.Release|x64.ActiveCfg = Release|x64
		{88819B35-F98F-48DC-94B4-4CD88359E6C6}.Release|x64.Build.0 = Release|x64
		{88819B35-F98F-48DC-94B4-4CD88359E6C6}.Release|x64.Deploy.0 = Release|x64
		{88819B35-F98F-48DC-94B4-4CD88359E6C6}.Release|x86.ActiveCfg = Release|x86
		{88819B35-F98F-48DC-94B4-4CD88359E6C6}.Release|x86.Build.0 = Release|x86
		{88819B35-F98F-48DC-94B4-4CD88359E6C6}.Release|x86.Deploy.0 = Release|x86
	EndGlobalSection
	GlobalSection(SolutionProperties) = preSolution
		HideSolutionNode = FALSE
	EndGlobalSection
	GlobalSection(ExtensibilityGlobals) = postSolution
		SolutionGuid = {37567D09-E124-4F6F-B2FB-8467C5C9E599}
	EndGlobalSection
EndGlobal
