
Microsoft Visual Studio Solution File, Format Version 12.00
# Visual Studio 15
VisualStudioVersion = 15.0.27428.2002
MinimumVisualStudioVersion = 10.0.40219.1
Project("{FAE04EC0-301F-11D3-BF4B-00C04F79EFBC}") = "1_Square-Area", "SimpleCalculations\1_Square-Area.csproj", "{CD82E08C-C972-4EED-98DB-080434CD6049}"
EndProject
Project("{FAE04EC0-301F-11D3-BF4B-00C04F79EFBC}") = "2_Inches-To-Centimeters", "Inches-To-Centimeters\2_Inches-To-Centimeters.csproj", "{ECE4036F-02FA-4F09-B6C8-CAC2B1981E47}"
EndProject
Project("{FAE04EC0-301F-11D3-BF4B-00C04F79EFBC}") = "3_Greeting", "Greeting\3_Greeting.csproj", "{C5C8E901-C72E-48DD-94C5-35DE248F12C4}"
EndProject
Project("{FAE04EC0-301F-11D3-BF4B-00C04F79EFBC}") = "4_Concatenate-Data", "Concatenate-Data\4_Concatenate-Data.csproj", "{200295DD-A476-462A-937D-11C16096EA40}"
EndProject
Project("{FAE04EC0-301F-11D3-BF4B-00C04F79EFBC}") = "5_Trapezoid-Area", "Trapezoid-Area\5_Trapezoid-Area.csproj", "{293B24B2-385A-4CEB-A1A1-A5FEA4621FB7}"
EndProject
Project("{FAE04EC0-301F-11D3-BF4B-00C04F79EFBC}") = "6_Circle-Area-and-Perimeter", "Circle-Area-and-Perimeter\6_Circle-Area-and-Perimeter.csproj", "{841822C0-6D11-44B8-91B7-15C88677F49A}"
EndProject
Project("{FAE04EC0-301F-11D3-BF4B-00C04F79EFBC}") = "7_2D-Rectangle-Area", "2D-Rectangle-Area\7_2D-Rectangle-Area.csproj", "{A1672C78-AC9A-4E68-B887-29E68F58BF8C}"
EndProject
Project("{FAE04EC0-301F-11D3-BF4B-00C04F79EFBC}") = "8_Triangle-Area", "Triangle-Area\8_Triangle-Area.csproj", "{AB1C5C58-251A-4AD6-9630-FC6C9919B80F}"
EndProject
Project("{FAE04EC0-301F-11D3-BF4B-00C04F79EFBC}") = "9_Celsius-to-Fahrenheit", "Celsius-to-Fahrenheit\9_Celsius-to-Fahrenheit.csproj", "{4465DDC5-49F0-4D97-B56D-264BEEACC743}"
EndProject
Project("{FAE04EC0-301F-11D3-BF4B-00C04F79EFBC}") = "_10_Radians-to-Degrees", "Radians-to-Degrees\_10_Radians-to-Degrees.csproj", "{540A7F4F-897C-461B-81B5-A61CDF0FC487}"
EndProject
Project("{FAE04EC0-301F-11D3-BF4B-00C04F79EFBC}") = "_11_USD-to-BGN", "USD-to-BGN\_11_USD-to-BGN.csproj", "{3A7520BA-DCF3-40C3-87D4-70B6C2F134CB}"
EndProject
Project("{FAE04EC0-301F-11D3-BF4B-00C04F79EFBC}") = "_12_Currency-Converter", "Currency-Converter\_12_Currency-Converter.csproj", "{3CF447F3-D6FD-4842-94F4-49EFAF1BED59}"
EndProject
Project("{FAE04EC0-301F-11D3-BF4B-00C04F79EFBC}") = "_13_1000-Days-after-Birth", "_13_1000-Days-after-Birth\_13_1000-Days-after-Birth.csproj", "{E5DD156A-226C-47CB-9650-ADE7735C4FBD}"
EndProject
Global
	GlobalSection(SolutionConfigurationPlatforms) = preSolution
		Debug|Any CPU = Debug|Any CPU
		Release|Any CPU = Release|Any CPU
	EndGlobalSection
	GlobalSection(ProjectConfigurationPlatforms) = postSolution
		{CD82E08C-C972-4EED-98DB-080434CD6049}.Debug|Any CPU.ActiveCfg = Debug|Any CPU
		{CD82E08C-C972-4EED-98DB-080434CD6049}.Debug|Any CPU.Build.0 = Debug|Any CPU
		{CD82E08C-C972-4EED-98DB-080434CD6049}.Release|Any CPU.ActiveCfg = Release|Any CPU
		{CD82E08C-C972-4EED-98DB-080434CD6049}.Release|Any CPU.Build.0 = Release|Any CPU
		{ECE4036F-02FA-4F09-B6C8-CAC2B1981E47}.Debug|Any CPU.ActiveCfg = Debug|Any CPU
		{ECE4036F-02FA-4F09-B6C8-CAC2B1981E47}.Debug|Any CPU.Build.0 = Debug|Any CPU
		{ECE4036F-02FA-4F09-B6C8-CAC2B1981E47}.Release|Any CPU.ActiveCfg = Release|Any CPU
		{ECE4036F-02FA-4F09-B6C8-CAC2B1981E47}.Release|Any CPU.Build.0 = Release|Any CPU
		{C5C8E901-C72E-48DD-94C5-35DE248F12C4}.Debug|Any CPU.ActiveCfg = Debug|Any CPU
		{C5C8E901-C72E-48DD-94C5-35DE248F12C4}.Debug|Any CPU.Build.0 = Debug|Any CPU
		{C5C8E901-C72E-48DD-94C5-35DE248F12C4}.Release|Any CPU.ActiveCfg = Release|Any CPU
		{C5C8E901-C72E-48DD-94C5-35DE248F12C4}.Release|Any CPU.Build.0 = Release|Any CPU
		{200295DD-A476-462A-937D-11C16096EA40}.Debug|Any CPU.ActiveCfg = Debug|Any CPU
		{200295DD-A476-462A-937D-11C16096EA40}.Debug|Any CPU.Build.0 = Debug|Any CPU
		{200295DD-A476-462A-937D-11C16096EA40}.Release|Any CPU.ActiveCfg = Release|Any CPU
		{200295DD-A476-462A-937D-11C16096EA40}.Release|Any CPU.Build.0 = Release|Any CPU
		{293B24B2-385A-4CEB-A1A1-A5FEA4621FB7}.Debug|Any CPU.ActiveCfg = Debug|Any CPU
		{293B24B2-385A-4CEB-A1A1-A5FEA4621FB7}.Debug|Any CPU.Build.0 = Debug|Any CPU
		{293B24B2-385A-4CEB-A1A1-A5FEA4621FB7}.Release|Any CPU.ActiveCfg = Release|Any CPU
		{293B24B2-385A-4CEB-A1A1-A5FEA4621FB7}.Release|Any CPU.Build.0 = Release|Any CPU
		{841822C0-6D11-44B8-91B7-15C88677F49A}.Debug|Any CPU.ActiveCfg = Debug|Any CPU
		{841822C0-6D11-44B8-91B7-15C88677F49A}.Debug|Any CPU.Build.0 = Debug|Any CPU
		{841822C0-6D11-44B8-91B7-15C88677F49A}.Release|Any CPU.ActiveCfg = Release|Any CPU
		{841822C0-6D11-44B8-91B7-15C88677F49A}.Release|Any CPU.Build.0 = Release|Any CPU
		{A1672C78-AC9A-4E68-B887-29E68F58BF8C}.Debug|Any CPU.ActiveCfg = Debug|Any CPU
		{A1672C78-AC9A-4E68-B887-29E68F58BF8C}.Debug|Any CPU.Build.0 = Debug|Any CPU
		{A1672C78-AC9A-4E68-B887-29E68F58BF8C}.Release|Any CPU.ActiveCfg = Release|Any CPU
		{A1672C78-AC9A-4E68-B887-29E68F58BF8C}.Release|Any CPU.Build.0 = Release|Any CPU
		{AB1C5C58-251A-4AD6-9630-FC6C9919B80F}.Debug|Any CPU.ActiveCfg = Debug|Any CPU
		{AB1C5C58-251A-4AD6-9630-FC6C9919B80F}.Debug|Any CPU.Build.0 = Debug|Any CPU
		{AB1C5C58-251A-4AD6-9630-FC6C9919B80F}.Release|Any CPU.ActiveCfg = Release|Any CPU
		{AB1C5C58-251A-4AD6-9630-FC6C9919B80F}.Release|Any CPU.Build.0 = Release|Any CPU
		{4465DDC5-49F0-4D97-B56D-264BEEACC743}.Debug|Any CPU.ActiveCfg = Debug|Any CPU
		{4465DDC5-49F0-4D97-B56D-264BEEACC743}.Debug|Any CPU.Build.0 = Debug|Any CPU
		{4465DDC5-49F0-4D97-B56D-264BEEACC743}.Release|Any CPU.ActiveCfg = Release|Any CPU
		{4465DDC5-49F0-4D97-B56D-264BEEACC743}.Release|Any CPU.Build.0 = Release|Any CPU
		{540A7F4F-897C-461B-81B5-A61CDF0FC487}.Debug|Any CPU.ActiveCfg = Debug|Any CPU
		{540A7F4F-897C-461B-81B5-A61CDF0FC487}.Debug|Any CPU.Build.0 = Debug|Any CPU
		{540A7F4F-897C-461B-81B5-A61CDF0FC487}.Release|Any CPU.ActiveCfg = Release|Any CPU
		{540A7F4F-897C-461B-81B5-A61CDF0FC487}.Release|Any CPU.Build.0 = Release|Any CPU
		{3A7520BA-DCF3-40C3-87D4-70B6C2F134CB}.Debug|Any CPU.ActiveCfg = Debug|Any CPU
		{3A7520BA-DCF3-40C3-87D4-70B6C2F134CB}.Debug|Any CPU.Build.0 = Debug|Any CPU
		{3A7520BA-DCF3-40C3-87D4-70B6C2F134CB}.Release|Any CPU.ActiveCfg = Release|Any CPU
		{3A7520BA-DCF3-40C3-87D4-70B6C2F134CB}.Release|Any CPU.Build.0 = Release|Any CPU
		{3CF447F3-D6FD-4842-94F4-49EFAF1BED59}.Debug|Any CPU.ActiveCfg = Debug|Any CPU
		{3CF447F3-D6FD-4842-94F4-49EFAF1BED59}.Debug|Any CPU.Build.0 = Debug|Any CPU
		{3CF447F3-D6FD-4842-94F4-49EFAF1BED59}.Release|Any CPU.ActiveCfg = Release|Any CPU
		{3CF447F3-D6FD-4842-94F4-49EFAF1BED59}.Release|Any CPU.Build.0 = Release|Any CPU
		{E5DD156A-226C-47CB-9650-ADE7735C4FBD}.Debug|Any CPU.ActiveCfg = Debug|Any CPU
		{E5DD156A-226C-47CB-9650-ADE7735C4FBD}.Debug|Any CPU.Build.0 = Debug|Any CPU
		{E5DD156A-226C-47CB-9650-ADE7735C4FBD}.Release|Any CPU.ActiveCfg = Release|Any CPU
		{E5DD156A-226C-47CB-9650-ADE7735C4FBD}.Release|Any CPU.Build.0 = Release|Any CPU
	EndGlobalSection
	GlobalSection(SolutionProperties) = preSolution
		HideSolutionNode = FALSE
	EndGlobalSection
	GlobalSection(ExtensibilityGlobals) = postSolution
		SolutionGuid = {EBCA185C-37B0-4D9F-9473-1B62E7FED657}
	EndGlobalSection
EndGlobal
